
Microsoft Visual Studio Solution File, Format Version 12.00
# Visual Studio Version 17
VisualStudioVersion = 17.2.32616.157
MinimumVisualStudioVersion = 10.0.40219.1
Project("{54A90642-561A-4BB1-A94E-469ADEE60C69}") = "TheWorryList", "TheWorryList.esproj", "{83C95B10-7EFD-4F51-9A6A-79FB894696ED}"
EndProject
Project("{9A19103F-16F7-4668-BE54-9A1E7A4F7556}") = "TheWorryList.Api", "..\TheWorryList.Api\TheWorryList.Api.csproj", "{EA468A69-AFEE-4551-88DF-5F059782AA27}"
EndProject
Global
	GlobalSection(SolutionConfigurationPlatforms) = preSolution
		Debug|Any CPU = Debug|Any CPU
		Release|Any CPU = Release|Any CPU
	EndGlobalSection
	GlobalSection(ProjectConfigurationPlatforms) = postSolution
		{83C95B10-7EFD-4F51-9A6A-79FB894696ED}.Debug|Any CPU.ActiveCfg = Debug|Any CPU
		{83C95B10-7EFD-4F51-9A6A-79FB894696ED}.Debug|Any CPU.Build.0 = Debug|Any CPU
		{83C95B10-7EFD-4F51-9A6A-79FB894696ED}.Debug|Any CPU.Deploy.0 = Debug|Any CPU
		{83C95B10-7EFD-4F51-9A6A-79FB894696ED}.Release|Any CPU.ActiveCfg = Release|Any CPU
		{83C95B10-7EFD-4F51-9A6A-79FB894696ED}.Release|Any CPU.Build.0 = Release|Any CPU
		{83C95B10-7EFD-4F51-9A6A-79FB894696ED}.Release|Any CPU.Deploy.0 = Release|Any CPU
		{EA468A69-AFEE-4551-88DF-5F059782AA27}.Debug|Any CPU.ActiveCfg = Debug|Any CPU
		{EA468A69-AFEE-4551-88DF-5F059782AA27}.Debug|Any CPU.Build.0 = Debug|Any CPU
		{EA468A69-AFEE-4551-88DF-5F059782AA27}.Release|Any CPU.ActiveCfg = Release|Any CPU
		{EA468A69-AFEE-4551-88DF-5F059782AA27}.Release|Any CPU.Build.0 = Release|Any CPU
	EndGlobalSection
	GlobalSection(SolutionProperties) = preSolution
		HideSolutionNode = FALSE
	EndGlobalSection
	GlobalSection(ExtensibilityGlobals) = postSolution
		SolutionGuid = {36894719-7388-4124-A37A-8F1E52962294}
	EndGlobalSection
EndGlobal
